
Microsoft Visual Studio Solution File, Format Version 12.00
# Visual Studio Version 17
VisualStudioVersion = 17.11.35312.102
MinimumVisualStudioVersion = 10.0.40219.1
Project("{FAE04EC0-301F-11D3-BF4B-00C04F79EFBC}") = "BulkyWeb", "BulkyWeb\BulkyWeb.csproj", "{4C205A16-C432-46FF-A372-AE3C7C4CB45F}"
EndProject
Global
	GlobalSection(SolutionConfigurationPlatforms) = preSolution
		Debug|Any CPU = Debug|Any CPU
		Release|Any CPU = Release|Any CPU
	EndGlobalSection
	GlobalSection(ProjectConfigurationPlatforms) = postSolution
		{4C205A16-C432-46FF-A372-AE3C7C4CB45F}.Debug|Any CPU.ActiveCfg = Debug|Any CPU
		{4C205A16-C432-46FF-A372-AE3C7C4CB45F}.Debug|Any CPU.Build.0 = Debug|Any CPU
		{4C205A16-C432-46FF-A372-AE3C7C4CB45F}.Release|Any CPU.ActiveCfg = Release|Any CPU
		{4C205A16-C432-46FF-A372-AE3C7C4CB45F}.Release|Any CPU.Build.0 = Release|Any CPU
	EndGlobalSection
	GlobalSection(SolutionProperties) = preSolution
		HideSolutionNode = FALSE
	EndGlobalSection
	GlobalSection(ExtensibilityGlobals) = postSolution
		SolutionGuid = {8396609C-78FF-4114-A87B-8466AD6322A6}
	EndGlobalSection
EndGlobal
